
Microsoft Visual Studio Solution File, Format Version 12.00
# Visual Studio 15
VisualStudioVersion = 15.0.28010.2019
MinimumVisualStudioVersion = 10.0.40219.1
Project("{FAE04EC0-301F-11D3-BF4B-00C04F79EFBC}") = "Final-ManagementSystem", "Final-ManagementSystem\Final-ManagementSystem.csproj", "{3D85573E-4E49-4556-9955-312A1EDFAADC}"
EndProject
Global
	GlobalSection(SolutionConfigurationPlatforms) = preSolution
		Debug|Any CPU = Debug|Any CPU
		Release|Any CPU = Release|Any CPU
	EndGlobalSection
	GlobalSection(ProjectConfigurationPlatforms) = postSolution
		{3D85573E-4E49-4556-9955-312A1EDFAADC}.Debug|Any CPU.ActiveCfg = Debug|Any CPU
		{3D85573E-4E49-4556-9955-312A1EDFAADC}.Debug|Any CPU.Build.0 = Debug|Any CPU
		{3D85573E-4E49-4556-9955-312A1EDFAADC}.Release|Any CPU.ActiveCfg = Release|Any CPU
		{3D85573E-4E49-4556-9955-312A1EDFAADC}.Release|Any CPU.Build.0 = Release|Any CPU
	EndGlobalSection
	GlobalSection(SolutionProperties) = preSolution
		HideSolutionNode = FALSE
	EndGlobalSection
	GlobalSection(ExtensibilityGlobals) = postSolution
		SolutionGuid = {31E6EAF5-7DEC-488F-A758-DB1221D01013}
	EndGlobalSection
EndGlobal
